
Microsoft Visual Studio Solution File, Format Version 12.00
# Visual Studio 15
VisualStudioVersion = 15.0.27130.0
MinimumVisualStudioVersion = 10.0.40219.1
Project("{FAE04EC0-301F-11D3-BF4B-00C04F79EFBC}") = "Lambda", "Lambda\Lambda.csproj", "{6653B00A-3079-46EB-8781-0BA1EEB942C0}"
EndProject
Global
	GlobalSection(SolutionConfigurationPlatforms) = preSolution
		Debug|Any CPU = Debug|Any CPU
		Release|Any CPU = Release|Any CPU
	EndGlobalSection
	GlobalSection(ProjectConfigurationPlatforms) = postSolution
		{6653B00A-3079-46EB-8781-0BA1EEB942C0}.Debug|Any CPU.ActiveCfg = Debug|Any CPU
		{6653B00A-3079-46EB-8781-0BA1EEB942C0}.Debug|Any CPU.Build.0 = Debug|Any CPU
		{6653B00A-3079-46EB-8781-0BA1EEB942C0}.Release|Any CPU.ActiveCfg = Release|Any CPU
		{6653B00A-3079-46EB-8781-0BA1EEB942C0}.Release|Any CPU.Build.0 = Release|Any CPU
	EndGlobalSection
	GlobalSection(SolutionProperties) = preSolution
		HideSolutionNode = FALSE
	EndGlobalSection
	GlobalSection(ExtensibilityGlobals) = postSolution
		SolutionGuid = {5B3C4E70-3F64-48E9-8587-636D47A82935}
	EndGlobalSection
EndGlobal
